
Microsoft Visual Studio Solution File, Format Version 12.00
# Visual Studio Version 17
VisualStudioVersion = 17.9.34728.123
MinimumVisualStudioVersion = 10.0.40219.1
Project("{FAE04EC0-301F-11D3-BF4B-00C04F79EFBC}") = "laboratorio1", "laboratorio1\laboratorio1.csproj", "{47A0A6B4-A9D4-4B7E-8DC2-D26F97ECAD3E}"
EndProject
Global
	GlobalSection(SolutionConfigurationPlatforms) = preSolution
		Debug|Any CPU = Debug|Any CPU
		Release|Any CPU = Release|Any CPU
	EndGlobalSection
	GlobalSection(ProjectConfigurationPlatforms) = postSolution
		{47A0A6B4-A9D4-4B7E-8DC2-D26F97ECAD3E}.Debug|Any CPU.ActiveCfg = Debug|Any CPU
		{47A0A6B4-A9D4-4B7E-8DC2-D26F97ECAD3E}.Debug|Any CPU.Build.0 = Debug|Any CPU
		{47A0A6B4-A9D4-4B7E-8DC2-D26F97ECAD3E}.Release|Any CPU.ActiveCfg = Release|Any CPU
		{47A0A6B4-A9D4-4B7E-8DC2-D26F97ECAD3E}.Release|Any CPU.Build.0 = Release|Any CPU
	EndGlobalSection
	GlobalSection(SolutionProperties) = preSolution
		HideSolutionNode = FALSE
	EndGlobalSection
	GlobalSection(ExtensibilityGlobals) = postSolution
		SolutionGuid = {D7B3E764-25CF-40BD-B72B-7D8B22ED841A}
	EndGlobalSection
EndGlobal
